# This file is autogenerated, do not edit; changes may be undone by the next 'dep ensure'.


[[projects]]
  name = "github.com/Sirupsen/logrus"
  packages = ["."]
  revision = "c155da19408a8799da419ed3eeb0cb5db0ad5dbc"
  version = "v1.0.5"

[[projects]]
  branch = "master"
  name = "github.com/gin-contrib/sse"
  packages = ["."]
  revision = "22d885f9ecc78bf4ee5d72b937e4bbcdc58e8cae"

[[projects]]
  branch = "master"
  name = "github.com/gin-gonic/gin"
  packages = [
    ".",
    "binding",
    "json",
    "render"
  ]
  revision = "6d913fc343cfac80d656db5be67a0ffb1323ba0d"

[[projects]]
  branch = "master"
  name = "github.com/go-sql-driver/mysql"
  packages = ["."]
  revision = "3287d94d4c6a48a63e16fffaabf27ab20203af2a"

[[projects]]
  name = "github.com/golang/protobuf"
  packages = ["proto"]
  revision = "925541529c1fa6821df4e44ce2723319eb2be768"
  version = "v1.0.0"

[[projects]]
  branch = "master"
  name = "github.com/gonum/blas"
  packages = [
    ".",
    "blas32",
    "blas64",
    "native",
    "native/internal/math32"
  ]
  revision = "e7c5890b24cf6f3bb173f76e1bd71e80e887e3f9"

[[projects]]
  branch = "master"
  name = "github.com/gonum/internal"
  packages = [
    "asm/f32",
    "asm/f64"
  ]
  revision = "fda53f8d25717c07e2dac25758075a182bd74235"

[[projects]]
  name = "github.com/json-iterator/go"
  packages = ["."]
  revision = "ca39e5af3ece67bbcda3d0f4f56a8e24d9f2dad4"
  version = "1.1.3"

[[projects]]
  name = "github.com/mattn/go-isatty"
  packages = ["."]
  revision = "0360b2af4f38e8d38c7fce2a9f4e702702d73a39"
  version = "v0.0.3"

[[projects]]
  name = "github.com/modern-go/concurrent"
  packages = ["."]
  revision = "bacd9c7ef1dd9b15be4a9909b8ac7a4e313eec94"
  version = "1.0.3"

[[projects]]
  name = "github.com/modern-go/reflect2"
  packages = ["."]
  revision = "1df9eeb2bb81f327b96228865c5687bc2194af3f"
  version = "1.0.0"

[[projects]]
  name = "github.com/ugorji/go"
  packages = ["codec"]
  revision = "b4c50a2b199d93b13dc15e78929cfb23bfdf21ab"
  version = "v1.1.1"

[[projects]]
  branch = "master"
  name = "github.com/unixpickle/anydiff"
  packages = [
    ".",
    "anyfwd",
    "anyseq"
  ]
  revision = "55bea27bf48b56e9b4d688898283241eaa1a3011"

[[projects]]
  branch = "master"
  name = "github.com/unixpickle/anynet"
  packages = [
    ".",
    "anyrnn",
    "anys2s",
    "anysgd"
  ]
  revision = "016782221a5a9a1928873ae3a6902c105eb41fa1"

[[projects]]
  branch = "master"
  name = "github.com/unixpickle/anyvec"
  packages = [
    ".",
    "anyvec32",
    "anyvec64",
    "anyvecsave"
  ]
  revision = "59aa66ba0472c3778dae801bb02ee517d8cdafc2"

[[projects]]
  branch = "master"
  name = "github.com/unixpickle/convmarkup"
  packages = ["."]
  revision = "b64776b481fba5ec56ab6a020490f54dc25d9ab3"

[[projects]]
  branch = "master"
  name = "github.com/unixpickle/essentials"
  packages = ["."]
  revision = "bca13a0bdff4dad7a95b21dfc787904894324e57"

[[projects]]
  branch = "master"
  name = "github.com/unixpickle/lazyseq"
  packages = [
    ".",
    "lazyrnn"
  ]
  revision = "dacb3642d9be3562755660df85b2789b0fb11e4e"

[[projects]]
  branch = "master"
  name = "github.com/unixpickle/serializer"
  packages = ["."]
  revision = "c6c092dc55bbf7b6774f89d77ea06dd2605420e3"

[[projects]]
  branch = "master"
  name = "github.com/wallnutkraken/char-rnn"
  packages = ["."]
  revision = "c2cce0c0a1a728689513c74cad89957db712cadd"

[[projects]]
  branch = "master"
  name = "github.com/wallnutkraken/telegogo"
  packages = ["."]
  revision = "0aaf5208dede9b82afba23e2c6f7be97be89e7f1"

[[projects]]
  branch = "master"
  name = "golang.org/x/crypto"
  packages = ["ssh/terminal"]
  revision = "d6449816ce06963d9d136eee5a56fca5b0616e7e"

[[projects]]
  branch = "master"
  name = "golang.org/x/sys"
  packages = [
    "unix",
    "windows"
  ]
  revision = "2281fa97ef7b0c26324634d5a22f04babdac8713"

[[projects]]
  name = "google.golang.org/appengine"
  packages = ["cloudsql"]
  revision = "150dc57a1b433e64154302bdc40b6bb8aefa313a"
  version = "v1.0.0"

[[projects]]
  name = "gopkg.in/go-playground/validator.v8"
  packages = ["."]
  revision = "5f1438d3fca68893a817e4a66806cea46a9e4ebf"
  version = "v8.18.2"

[[projects]]
  name = "gopkg.in/yaml.v2"
  packages = ["."]
  revision = "5420a8b6744d3b0345ab293f6fcba19c978f1183"
  version = "v2.2.1"

[[projects]]
  name = "mvdan.cc/xurls"
  packages = ["."]
  revision = "d315b61cf6727664f310fa87b3197e9faf2a8513"
  version = "v1.1.0"

[solve-meta]
  analyzer-name = "dep"
  analyzer-version = 1
  inputs-digest = "78601341de49f84edea4fd7a813fc86d1084065c514be2a6fe86634aac99961f"
  solver-name = "gps-cdcl"
  solver-version = 1
